// !$*UTF8*$!
{
	archiveVersion = 1;
	classes = {
	};
	objectVersion = 55;
	objects = {

/* Begin PBXBuildFile section */
		1B3110392836810C00699A47 /* AppDelegate.swift in Sources */ = {isa = PBXBuildFile; fileRef = 1B3110382836810C00699A47 /* AppDelegate.swift */; };
		1B31103B2836810C00699A47 /* SceneDelegate.swift in Sources */ = {isa = PBXBuildFile; fileRef = 1B31103A2836810C00699A47 /* SceneDelegate.swift */; };
		1B31103D2836810C00699A47 /* ViewController.swift in Sources */ = {isa = PBXBuildFile; fileRef = 1B31103C2836810C00699A47 /* ViewController.swift */; };
		1B3110402836810C00699A47 /* Main.storyboard in Resources */ = {isa = PBXBuildFile; fileRef = 1B31103E2836810C00699A47 /* Main.storyboard */; };
		1B3110422836810D00699A47 /* Assets.xcassets in Resources */ = {isa = PBXBuildFile; fileRef = 1B3110412836810D00699A47 /* Assets.xcassets */; };
		1B3110452836810D00699A47 /* LaunchScreen.storyboard in Resources */ = {isa = PBXBuildFile; fileRef = 1B3110432836810D00699A47 /* LaunchScreen.storyboard */; };
		1B31104E2836813900699A47 /* Realm in Frameworks */ = {isa = PBXBuildFile; productRef = 1B31104D2836813900699A47 /* Realm */; };
		1B3110502836813900699A47 /* RealmSwift in Frameworks */ = {isa = PBXBuildFile; productRef = 1B31104F2836813900699A47 /* RealmSwift */; };
		1B3110532836814700699A47 /* Zip in Frameworks */ = {isa = PBXBuildFile; productRef = 1B3110522836814700699A47 /* Zip */; };
		1B3110562836816000699A47 /* JGProgressHUD in Frameworks */ = {isa = PBXBuildFile; productRef = 1B3110552836816000699A47 /* JGProgressHUD */; };
		1B3110592836818100699A47 /* IQKeyboardManagerSwift in Frameworks */ = {isa = PBXBuildFile; productRef = 1B3110582836818100699A47 /* IQKeyboardManagerSwift */; };
		1B31105C2836818F00699A47 /* Toast in Frameworks */ = {isa = PBXBuildFile; productRef = 1B31105B2836818F00699A47 /* Toast */; };
		1B31105E2836823300699A47 /* ShoppingTableViewCell.swift in Sources */ = {isa = PBXBuildFile; fileRef = 1B31105D2836823300699A47 /* ShoppingTableViewCell.swift */; };
		1B3110602836828900699A47 /* ShoppingAddTableViewCell.swift in Sources */ = {isa = PBXBuildFile; fileRef = 1B31105F2836828900699A47 /* ShoppingAddTableViewCell.swift */; };
		1B311063283682B400699A47 /* Consts.swift in Sources */ = {isa = PBXBuildFile; fileRef = 1B311062283682B400699A47 /* Consts.swift */; };
		1B311065283682D200699A47 /* CustomCell.swift in Sources */ = {isa = PBXBuildFile; fileRef = 1B311064283682D200699A47 /* CustomCell.swift */; };
		1B3110682836851D00699A47 /* ShoppingItem.swift in Sources */ = {isa = PBXBuildFile; fileRef = 1B3110672836851D00699A47 /* ShoppingItem.swift */; };
/* End PBXBuildFile section */

/* Begin PBXFileReference section */
		1B3110352836810C00699A47 /* MyShoppingList.app */ = {isa = PBXFileReference; explicitFileType = wrapper.application; includeInIndex = 0; path = MyShoppingList.app; sourceTree = BUILT_PRODUCTS_DIR; };
		1B3110382836810C00699A47 /* AppDelegate.swift */ = {isa = PBXFileReference; lastKnownFileType = sourcecode.swift; path = AppDelegate.swift; sourceTree = "<group>"; };
		1B31103A2836810C00699A47 /* SceneDelegate.swift */ = {isa = PBXFileReference; lastKnownFileType = sourcecode.swift; path = SceneDelegate.swift; sourceTree = "<group>"; };
		1B31103C2836810C00699A47 /* ViewController.swift */ = {isa = PBXFileReference; lastKnownFileType = sourcecode.swift; path = ViewController.swift; sourceTree = "<group>"; };
		1B31103F2836810C00699A47 /* Base */ = {isa = PBXFileReference; lastKnownFileType = file.storyboard; name = Base; path = Base.lproj/Main.storyboard; sourceTree = "<group>"; };
		1B3110412836810D00699A47 /* Assets.xcassets */ = {isa = PBXFileReference; lastKnownFileType = folder.assetcatalog; path = Assets.xcassets; sourceTree = "<group>"; };
		1B3110442836810D00699A47 /* Base */ = {isa = PBXFileReference; lastKnownFileType = file.storyboard; name = Base; path = Base.lproj/LaunchScreen.storyboard; sourceTree = "<group>"; };
		1B3110462836810D00699A47 /* Info.plist */ = {isa = PBXFileReference; lastKnownFileType = text.plist.xml; path = Info.plist; sourceTree = "<group>"; };
		1B31105D2836823300699A47 /* ShoppingTableViewCell.swift */ = {isa = PBXFileReference; lastKnownFileType = sourcecode.swift; path = ShoppingTableViewCell.swift; sourceTree = "<group>"; };
		1B31105F2836828900699A47 /* ShoppingAddTableViewCell.swift */ = {isa = PBXFileReference; lastKnownFileType = sourcecode.swift; path = ShoppingAddTableViewCell.swift; sourceTree = "<group>"; };
		1B311062283682B400699A47 /* Consts.swift */ = {isa = PBXFileReference; lastKnownFileType = sourcecode.swift; path = Consts.swift; sourceTree = "<group>"; };
		1B311064283682D200699A47 /* CustomCell.swift */ = {isa = PBXFileReference; lastKnownFileType = sourcecode.swift; path = CustomCell.swift; sourceTree = "<group>"; };
		1B3110672836851D00699A47 /* ShoppingItem.swift */ = {isa = PBXFileReference; lastKnownFileType = sourcecode.swift; path = ShoppingItem.swift; sourceTree = "<group>"; };
/* End PBXFileReference section */

/* Begin PBXFrameworksBuildPhase section */
		1B3110322836810C00699A47 /* Frameworks */ = {
			isa = PBXFrameworksBuildPhase;
			buildActionMask = 2147483647;
			files = (
				1B31105C2836818F00699A47 /* Toast in Frameworks */,
				1B3110592836818100699A47 /* IQKeyboardManagerSwift in Frameworks */,
				1B3110562836816000699A47 /* JGProgressHUD in Frameworks */,
				1B3110532836814700699A47 /* Zip in Frameworks */,
				1B3110502836813900699A47 /* RealmSwift in Frameworks */,
				1B31104E2836813900699A47 /* Realm in Frameworks */,
			);
			runOnlyForDeploymentPostprocessing = 0;
		};
/* End PBXFrameworksBuildPhase section */

/* Begin PBXGroup section */
		1B31102C2836810C00699A47 = {
			isa = PBXGroup;
			children = (
				1B3110372836810C00699A47 /* MyShoppingList */,
				1B3110362836810C00699A47 /* Products */,
			);
			sourceTree = "<group>";
		};
		1B3110362836810C00699A47 /* Products */ = {
			isa = PBXGroup;
			children = (
				1B3110352836810C00699A47 /* MyShoppingList.app */,
			);
			name = Products;
			sourceTree = "<group>";
		};
		1B3110372836810C00699A47 /* MyShoppingList */ = {
			isa = PBXGroup;
			children = (
				1B3110662836850700699A47 /* Model */,
				1B311061283682A600699A47 /* Consts */,
				1B3110382836810C00699A47 /* AppDelegate.swift */,
				1B31103A2836810C00699A47 /* SceneDelegate.swift */,
				1B31105D2836823300699A47 /* ShoppingTableViewCell.swift */,
				1B31105F2836828900699A47 /* ShoppingAddTableViewCell.swift */,
				1B31103C2836810C00699A47 /* ViewController.swift */,
				1B31103E2836810C00699A47 /* Main.storyboard */,
				1B3110412836810D00699A47 /* Assets.xcassets */,
				1B3110432836810D00699A47 /* LaunchScreen.storyboard */,
				1B3110462836810D00699A47 /* Info.plist */,
			);
			path = MyShoppingList;
			sourceTree = "<group>";
		};
		1B311061283682A600699A47 /* Consts */ = {
			isa = PBXGroup;
			children = (
				1B311062283682B400699A47 /* Consts.swift */,
				1B311064283682D200699A47 /* CustomCell.swift */,
			);
			path = Consts;
			sourceTree = "<group>";
		};
		1B3110662836850700699A47 /* Model */ = {
			isa = PBXGroup;
			children = (
				1B3110672836851D00699A47 /* ShoppingItem.swift */,
			);
			path = Model;
			sourceTree = "<group>";
		};
/* End PBXGroup section */

/* Begin PBXNativeTarget section */
		1B3110342836810C00699A47 /* MyShoppingList */ = {
			isa = PBXNativeTarget;
			buildConfigurationList = 1B3110492836810D00699A47 /* Build configuration list for PBXNativeTarget "MyShoppingList" */;
			buildPhases = (
				1B3110312836810C00699A47 /* Sources */,
				1B3110322836810C00699A47 /* Frameworks */,
				1B3110332836810C00699A47 /* Resources */,
			);
			buildRules = (
			);
			dependencies = (
			);
			name = MyShoppingList;
			packageProductDependencies = (
				1B31104D2836813900699A47 /* Realm */,
				1B31104F2836813900699A47 /* RealmSwift */,
				1B3110522836814700699A47 /* Zip */,
				1B3110552836816000699A47 /* JGProgressHUD */,
				1B3110582836818100699A47 /* IQKeyboardManagerSwift */,
				1B31105B2836818F00699A47 /* Toast */,
			);
			productName = MyShoppingList;
			productReference = 1B3110352836810C00699A47 /* MyShoppingList.app */;
			productType = "com.apple.product-type.application";
		};
/* End PBXNativeTarget section */

/* Begin PBXProject section */
		1B31102D2836810C00699A47 /* Project object */ = {
			isa = PBXProject;
			attributes = {
				BuildIndependentTargetsInParallel = 1;
				LastSwiftUpdateCheck = 1330;
				LastUpgradeCheck = 1330;
				TargetAttributes = {
					1B3110342836810C00699A47 = {
						CreatedOnToolsVersion = 13.3.1;
					};
				};
			};
			buildConfigurationList = 1B3110302836810C00699A47 /* Build configuration list for PBXProject "MyShoppingList" */;
			compatibilityVersion = "Xcode 13.0";
			developmentRegion = en;
			hasScannedForEncodings = 0;
			knownRegions = (
				en,
				Base,
			);
			mainGroup = 1B31102C2836810C00699A47;
			packageReferences = (
				1B31104C2836813900699A47 /* XCRemoteSwiftPackageReference "realm-swift" */,
				1B3110512836814600699A47 /* XCRemoteSwiftPackageReference "Zip" */,
				1B3110542836816000699A47 /* XCRemoteSwiftPackageReference "JGProgressHUD" */,
				1B3110572836818100699A47 /* XCRemoteSwiftPackageReference "IQKeyboardManager" */,
				1B31105A2836818E00699A47 /* XCRemoteSwiftPackageReference "Toast-Swift" */,
			);
			productRefGroup = 1B3110362836810C00699A47 /* Products */;
			projectDirPath = "";
			projectRoot = "";
			targets = (
				1B3110342836810C00699A47 /* MyShoppingList */,
			);
		};
/* End PBXProject section */

/* Begin PBXResourcesBuildPhase section */
		1B3110332836810C00699A47 /* Resources */ = {
			isa = PBXResourcesBuildPhase;
			buildActionMask = 2147483647;
			files = (
				1B3110452836810D00699A47 /* LaunchScreen.storyboard in Resources */,
				1B3110422836810D00699A47 /* Assets.xcassets in Resources */,
				1B3110402836810C00699A47 /* Main.storyboard in Resources */,
			);
			runOnlyForDeploymentPostprocessing = 0;
		};
/* End PBXResourcesBuildPhase section */

/* Begin PBXSourcesBuildPhase section */
		1B3110312836810C00699A47 /* Sources */ = {
			isa = PBXSourcesBuildPhase;
			buildActionMask = 2147483647;
			files = (
				1B31103D2836810C00699A47 /* ViewController.swift in Sources */,
				1B311063283682B400699A47 /* Consts.swift in Sources */,
				1B3110602836828900699A47 /* ShoppingAddTableViewCell.swift in Sources */,
				1B31105E2836823300699A47 /* ShoppingTableViewCell.swift in Sources */,
				1B3110682836851D00699A47 /* ShoppingItem.swift in Sources */,
				1B3110392836810C00699A47 /* AppDelegate.swift in Sources */,
				1B311065283682D200699A47 /* CustomCell.swift in Sources */,
				1B31103B2836810C00699A47 /* SceneDelegate.swift in Sources */,
			);
			runOnlyForDeploymentPostprocessing = 0;
		};
/* End PBXSourcesBuildPhase section */

/* Begin PBXVariantGroup section */
		1B31103E2836810C00699A47 /* Main.storyboard */ = {
			isa = PBXVariantGroup;
			children = (
				1B31103F2836810C00699A47 /* Base */,
			);
			name = Main.storyboard;
			sourceTree = "<group>";
		};
		1B3110432836810D00699A47 /* LaunchScreen.storyboard */ = {
			isa = PBXVariantGroup;
			children = (
				1B3110442836810D00699A47 /* Base */,
			);
			name = LaunchScreen.storyboard;
			sourceTree = "<group>";
		};
/* End PBXVariantGroup section */

/* Begin XCBuildConfiguration section */
		1B3110472836810D00699A47 /* Debug */ = {
			isa = XCBuildConfiguration;
			buildSettings = {
				ALWAYS_SEARCH_USER_PATHS = NO;
				CLANG_ANALYZER_NONNULL = YES;
				CLANG_ANALYZER_NUMBER_OBJECT_CONVERSION = YES_AGGRESSIVE;
				CLANG_CXX_LANGUAGE_STANDARD = "gnu++17";
				CLANG_ENABLE_MODULES = YES;
				CLANG_ENABLE_OBJC_ARC = YES;
				CLANG_ENABLE_OBJC_WEAK = YES;
				CLANG_WARN_BLOCK_CAPTURE_AUTORELEASING = YES;
				CLANG_WARN_BOOL_CONVERSION = YES;
				CLANG_WARN_COMMA = YES;
				CLANG_WARN_CONSTANT_CONVERSION = YES;
				CLANG_WARN_DEPRECATED_OBJC_IMPLEMENTATIONS = YES;
				CLANG_WARN_DIRECT_OBJC_ISA_USAGE = YES_ERROR;
				CLANG_WARN_DOCUMENTATION_COMMENTS = YES;
				CLANG_WARN_EMPTY_BODY = YES;
				CLANG_WARN_ENUM_CONVERSION = YES;
				CLANG_WARN_INFINITE_RECURSION = YES;
				CLANG_WARN_INT_CONVERSION = YES;
				CLANG_WARN_NON_LITERAL_NULL_CONVERSION = YES;
				CLANG_WARN_OBJC_IMPLICIT_RETAIN_SELF = YES;
				CLANG_WARN_OBJC_LITERAL_CONVERSION = YES;
				CLANG_WARN_OBJC_ROOT_CLASS = YES_ERROR;
				CLANG_WARN_QUOTED_INCLUDE_IN_FRAMEWORK_HEADER = YES;
				CLANG_WARN_RANGE_LOOP_ANALYSIS = YES;
				CLANG_WARN_STRICT_PROTOTYPES = YES;
				CLANG_WARN_SUSPICIOUS_MOVE = YES;
				CLANG_WARN_UNGUARDED_AVAILABILITY = YES_AGGRESSIVE;
				CLANG_WARN_UNREACHABLE_CODE = YES;
				CLANG_WARN__DUPLICATE_METHOD_MATCH = YES;
				COPY_PHASE_STRIP = NO;
				DEBUG_INFORMATION_FORMAT = dwarf;
				ENABLE_STRICT_OBJC_MSGSEND = YES;
				ENABLE_TESTABILITY = YES;
				GCC_C_LANGUAGE_STANDARD = gnu11;
				GCC_DYNAMIC_NO_PIC = NO;
				GCC_NO_COMMON_BLOCKS = YES;
				GCC_OPTIMIZATION_LEVEL = 0;
				GCC_PREPROCESSOR_DEFINITIONS = (
					"DEBUG=1",
					"$(inherited)",
				);
				GCC_WARN_64_TO_32_BIT_CONVERSION = YES;
				GCC_WARN_ABOUT_RETURN_TYPE = YES_ERROR;
				GCC_WARN_UNDECLARED_SELECTOR = YES;
				GCC_WARN_UNINITIALIZED_AUTOS = YES_AGGRESSIVE;
				GCC_WARN_UNUSED_FUNCTION = YES;
				GCC_WARN_UNUSED_VARIABLE = YES;
				IPHONEOS_DEPLOYMENT_TARGET = 15.4;
				MTL_ENABLE_DEBUG_INFO = INCLUDE_SOURCE;
				MTL_FAST_MATH = YES;
				ONLY_ACTIVE_ARCH = YES;
				SDKROOT = iphoneos;
				SWIFT_ACTIVE_COMPILATION_CONDITIONS = DEBUG;
				SWIFT_OPTIMIZATION_LEVEL = "-Onone";
			};
			name = Debug;
		};
		1B3110482836810D00699A47 /* Release */ = {
			isa = XCBuildConfiguration;
			buildSettings = {
				ALWAYS_SEARCH_USER_PATHS = NO;
				CLANG_ANALYZER_NONNULL = YES;
				CLANG_ANALYZER_NUMBER_OBJECT_CONVERSION = YES_AGGRESSIVE;
				CLANG_CXX_LANGUAGE_STANDARD = "gnu++17";
				CLANG_ENABLE_MODULES = YES;
				CLANG_ENABLE_OBJC_ARC = YES;
				CLANG_ENABLE_OBJC_WEAK = YES;
				CLANG_WARN_BLOCK_CAPTURE_AUTORELEASING = YES;
				CLANG_WARN_BOOL_CONVERSION = YES;
				CLANG_WARN_COMMA = YES;
				CLANG_WARN_CONSTANT_CONVERSION = YES;
				CLANG_WARN_DEPRECATED_OBJC_IMPLEMENTATIONS = YES;
				CLANG_WARN_DIRECT_OBJC_ISA_USAGE = YES_ERROR;
				CLANG_WARN_DOCUMENTATION_COMMENTS = YES;
				CLANG_WARN_EMPTY_BODY = YES;
				CLANG_WARN_ENUM_CONVERSION = YES;
				CLANG_WARN_INFINITE_RECURSION = YES;
				CLANG_WARN_INT_CONVERSION = YES;
				CLANG_WARN_NON_LITERAL_NULL_CONVERSION = YES;
				CLANG_WARN_OBJC_IMPLICIT_RETAIN_SELF = YES;
				CLANG_WARN_OBJC_LITERAL_CONVERSION = YES;
				CLANG_WARN_OBJC_ROOT_CLASS = YES_ERROR;
				CLANG_WARN_QUOTED_INCLUDE_IN_FRAMEWORK_HEADER = YES;
				CLANG_WARN_RANGE_LOOP_ANALYSIS = YES;
				CLANG_WARN_STRICT_PROTOTYPES = YES;
				CLANG_WARN_SUSPICIOUS_MOVE = YES;
				CLANG_WARN_UNGUARDED_AVAILABILITY = YES_AGGRESSIVE;
				CLANG_WARN_UNREACHABLE_CODE = YES;
				CLANG_WARN__DUPLICATE_METHOD_MATCH = YES;
				COPY_PHASE_STRIP = NO;
				DEBUG_INFORMATION_FORMAT = "dwarf-with-dsym";
				ENABLE_NS_ASSERTIONS = NO;
				ENABLE_STRICT_OBJC_MSGSEND = YES;
				GCC_C_LANGUAGE_STANDARD = gnu11;
				GCC_NO_COMMON_BLOCKS = YES;
				GCC_WARN_64_TO_32_BIT_CONVERSION = YES;
				GCC_WARN_ABOUT_RETURN_TYPE = YES_ERROR;
				GCC_WARN_UNDECLARED_SELECTOR = YES;
				GCC_WARN_UNINITIALIZED_AUTOS = YES_AGGRESSIVE;
				GCC_WARN_UNUSED_FUNCTION = YES;
				GCC_WARN_UNUSED_VARIABLE = YES;
				IPHONEOS_DEPLOYMENT_TARGET = 15.4;
				MTL_ENABLE_DEBUG_INFO = NO;
				MTL_FAST_MATH = YES;
				SDKROOT = iphoneos;
				SWIFT_COMPILATION_MODE = wholemodule;
				SWIFT_OPTIMIZATION_LEVEL = "-O";
				VALIDATE_PRODUCT = YES;
			};
			name = Release;
		};
		1B31104A2836810D00699A47 /* Debug */ = {
			isa = XCBuildConfiguration;
			buildSettings = {
				ASSETCATALOG_COMPILER_APPICON_NAME = AppIcon;
				ASSETCATALOG_COMPILER_GLOBAL_ACCENT_COLOR_NAME = AccentColor;
				CODE_SIGN_STYLE = Automatic;
				CURRENT_PROJECT_VERSION = 1;
				GENERATE_INFOPLIST_FILE = YES;
				INFOPLIST_FILE = MyShoppingList/Info.plist;
				INFOPLIST_KEY_UIApplicationSupportsIndirectInputEvents = YES;
				INFOPLIST_KEY_UILaunchStoryboardName = LaunchScreen;
				INFOPLIST_KEY_UIMainStoryboardFile = Main;
				INFOPLIST_KEY_UISupportedInterfaceOrientations_iPad = "UIInterfaceOrientationPortrait UIInterfaceOrientationPortraitUpsideDown UIInterfaceOrientationLandscapeLeft UIInterfaceOrientationLandscapeRight";
				INFOPLIST_KEY_UISupportedInterfaceOrientations_iPhone = "UIInterfaceOrientationPortrait UIInterfaceOrientationLandscapeLeft UIInterfaceOrientationLandscapeRight";
				LD_RUNPATH_SEARCH_PATHS = (
					"$(inherited)",
					"@executable_path/Frameworks",
				);
				MARKETING_VERSION = 1.0;
				PRODUCT_BUNDLE_IDENTIFIER = com.bro.MyShoppingList;
				PRODUCT_NAME = "$(TARGET_NAME)";
				SWIFT_EMIT_LOC_STRINGS = YES;
				SWIFT_VERSION = 5.0;
				TARGETED_DEVICE_FAMILY = "1,2";
			};
			name = Debug;
		};
		1B31104B2836810D00699A47 /* Release */ = {
			isa = XCBuildConfiguration;
			buildSettings = {
				ASSETCATALOG_COMPILER_APPICON_NAME = AppIcon;
				ASSETCATALOG_COMPILER_GLOBAL_ACCENT_COLOR_NAME = AccentColor;
				CODE_SIGN_STYLE = Automatic;
				CURRENT_PROJECT_VERSION = 1;
				GENERATE_INFOPLIST_FILE = YES;
				INFOPLIST_FILE = MyShoppingList/Info.plist;
				INFOPLIST_KEY_UIApplicationSupportsIndirectInputEvents = YES;
				INFOPLIST_KEY_UILaunchStoryboardName = LaunchScreen;
				INFOPLIST_KEY_UIMainStoryboardFile = Main;
				INFOPLIST_KEY_UISupportedInterfaceOrientations_iPad = "UIInterfaceOrientationPortrait UIInterfaceOrientationPortraitUpsideDown UIInterfaceOrientationLandscapeLeft UIInterfaceOrientationLandscapeRight";
				INFOPLIST_KEY_UISupportedInterfaceOrientations_iPhone = "UIInterfaceOrientationPortrait UIInterfaceOrientationLandscapeLeft UIInterfaceOrientationLandscapeRight";
				LD_RUNPATH_SEARCH_PATHS = (
					"$(inherited)",
					"@executable_path/Frameworks",
				);
				MARKETING_VERSION = 1.0;
				PRODUCT_BUNDLE_IDENTIFIER = com.bro.MyShoppingList;
				PRODUCT_NAME = "$(TARGET_NAME)";
				SWIFT_EMIT_LOC_STRINGS = YES;
				SWIFT_VERSION = 5.0;
				TARGETED_DEVICE_FAMILY = "1,2";
			};
			name = Release;
		};
/* End XCBuildConfiguration section */

/* Begin XCConfigurationList section */
		1B3110302836810C00699A47 /* Build configuration list for PBXProject "MyShoppingList" */ = {
			isa = XCConfigurationList;
			buildConfigurations = (
				1B3110472836810D00699A47 /* Debug */,
				1B3110482836810D00699A47 /* Release */,
			);
			defaultConfigurationIsVisible = 0;
			defaultConfigurationName = Release;
		};
		1B3110492836810D00699A47 /* Build configuration list for PBXNativeTarget "MyShoppingList" */ = {
			isa = XCConfigurationList;
			buildConfigurations = (
				1B31104A2836810D00699A47 /* Debug */,
				1B31104B2836810D00699A47 /* Release */,
			);
			defaultConfigurationIsVisible = 0;
			defaultConfigurationName = Release;
		};
/* End XCConfigurationList section */

/* Begin XCRemoteSwiftPackageReference section */
		1B31104C2836813900699A47 /* XCRemoteSwiftPackageReference "realm-swift" */ = {
			isa = XCRemoteSwiftPackageReference;
			repositoryURL = "https://github.com/realm/realm-swift.git";
			requirement = {
				kind = upToNextMinorVersion;
				minimumVersion = 10.18.0;
			};
		};
		1B3110512836814600699A47 /* XCRemoteSwiftPackageReference "Zip" */ = {
			isa = XCRemoteSwiftPackageReference;
			repositoryURL = "https://github.com/marmelroy/Zip.git";
			requirement = {
				branch = master;
				kind = branch;
			};
		};
		1B3110542836816000699A47 /* XCRemoteSwiftPackageReference "JGProgressHUD" */ = {
			isa = XCRemoteSwiftPackageReference;
			repositoryURL = "https://github.com/JonasGessner/JGProgressHUD.git";
			requirement = {
				branch = master;
				kind = branch;
			};
		};
		1B3110572836818100699A47 /* XCRemoteSwiftPackageReference "IQKeyboardManager" */ = {
			isa = XCRemoteSwiftPackageReference;
			repositoryURL = "https://github.com/hackiftekhar/IQKeyboardManager.git";
			requirement = {
				branch = master;
				kind = branch;
			};
		};
		1B31105A2836818E00699A47 /* XCRemoteSwiftPackageReference "Toast-Swift" */ = {
			isa = XCRemoteSwiftPackageReference;
			repositoryURL = "https://github.com/scalessec/Toast-Swift.git";
			requirement = {
				branch = master;
				kind = branch;
			};
		};
/* End XCRemoteSwiftPackageReference section */

/* Begin XCSwiftPackageProductDependency section */
		1B31104D2836813900699A47 /* Realm */ = {
			isa = XCSwiftPackageProductDependency;
			package = 1B31104C2836813900699A47 /* XCRemoteSwiftPackageReference "realm-swift" */;
			productName = Realm;
		};
		1B31104F2836813900699A47 /* RealmSwift */ = {
			isa = XCSwiftPackageProductDependency;
			package = 1B31104C2836813900699A47 /* XCRemoteSwiftPackageReference "realm-swift" */;
			productName = RealmSwift;
		};
		1B3110522836814700699A47 /* Zip */ = {
			isa = XCSwiftPackageProductDependency;
			package = 1B3110512836814600699A47 /* XCRemoteSwiftPackageReference "Zip" */;
			productName = Zip;
		};
		1B3110552836816000699A47 /* JGProgressHUD */ = {
			isa = XCSwiftPackageProductDependency;
			package = 1B3110542836816000699A47 /* XCRemoteSwiftPackageReference "JGProgressHUD" */;
			productName = JGProgressHUD;
		};
		1B3110582836818100699A47 /* IQKeyboardManagerSwift */ = {
			isa = XCSwiftPackageProductDependency;
			package = 1B3110572836818100699A47 /* XCRemoteSwiftPackageReference "IQKeyboardManager" */;
			productName = IQKeyboardManagerSwift;
		};
		1B31105B2836818F00699A47 /* Toast */ = {
			isa = XCSwiftPackageProductDependency;
			package = 1B31105A2836818E00699A47 /* XCRemoteSwiftPackageReference "Toast-Swift" */;
			productName = Toast;
		};
/* End XCSwiftPackageProductDependency section */
	};
	rootObject = 1B31102D2836810C00699A47 /* Project object */;
}
